<Solution>
  <Folder Name="/samples/">
    <Project Path="samples/Incident/Incident.csproj" />
    <Project Path="samples/Intake/Intake.csproj" />
    <Project Path="samples/Ledger/Ledger.csproj" />
  </Folder>
  <Folder Name="/src/">
    <Project Path="src/AgentInfer.Abstractions/AgentInfer.Abstractions.csproj" />
    <Project Path="src/AgentInfer.DependencyInjection/AgentInfer.DependencyInjection.csproj" />
    <Project Path="src/AgentInfer.Generator/AgentInfer.Generator.csproj" />
    <Project Path="src/AgentInfer/AgentInfer.csproj" />
  </Folder>
  <Folder Name="/tests/">
    <Project Path="tests/AgentInfer.DependencyInjection.Tests/AgentInfer.DependencyInjection.Tests.csproj" />
    <Project Path="tests/AgentInfer.Generator.Tests/AgentInfer.Generator.Tests.csproj" />
    <Project Path="tests/AgentInfer.Tests/AgentInfer.Tests.csproj" />
  </Folder>
</Solution>
